{
  "version": 4,
  "terraform_version": "1.12.2",
  "serial": 3,
  "lineage": "d5a40001-6ba3-42de-07de-1722ca6b1f62",
  "outputs": {
    "db_endpoint": {
      "value": "database-1.cilgqwk02lml.us-east-1.rds.amazonaws.com:3306",
      "type": "string"
    }
  },
  "resources": [
    {
      "module": "module.rds.module.db_instance",
      "mode": "managed",
      "type": "aws_db_instance",
      "name": "default",
      "provider": "module.rds.module.db_instance.provider[\"registry.terraform.io/hashicorp/aws\"]",
      "instances": [
        {
          "schema_version": 2,
          "attributes": {
            "address": "database-1.cilgqwk02lml.us-east-1.rds.amazonaws.com",
            "allocated_storage": 10,
            "allow_major_version_upgrade": null,
            "apply_immediately": false,
            "arn": "arn:aws:rds:us-east-1:883664613994:db:database-1",
            "auto_minor_version_upgrade": true,
            "availability_zone": "us-east-1d",
            "backup_retention_period": 0,
            "backup_target": "region",
            "backup_window": "03:17-03:47",
            "blue_green_update": [],
            "ca_cert_identifier": "rds-ca-rsa2048-g1",
            "character_set_name": "",
            "copy_tags_to_snapshot": false,
            "custom_iam_instance_profile": "",
            "customer_owned_ip_enabled": false,
            "database_insights_mode": "standard",
            "db_name": "mydb",
            "db_subnet_group_name": "my-db-subnet-group",
            "dedicated_log_volume": false,
            "delete_automated_backups": true,
            "deletion_protection": false,
            "domain": "",
            "domain_auth_secret_arn": "",
            "domain_dns_ips": null,
            "domain_fqdn": "",
            "domain_iam_role_name": "",
            "domain_ou": "",
            "enabled_cloudwatch_logs_exports": null,
            "endpoint": "database-1.cilgqwk02lml.us-east-1.rds.amazonaws.com:3306",
            "engine": "mysql",
            "engine_lifecycle_support": "open-source-rds-extended-support",
            "engine_version": "8.0",
            "engine_version_actual": "8.0.41",
            "final_snapshot_identifier": null,
            "hosted_zone_id": "Z2R2ITUGPM61AM",
            "iam_database_authentication_enabled": false,
            "id": "db-Y6WWMLQPJQZYSF3SR5RADNJHYE",
            "identifier": "database-1",
            "identifier_prefix": "",
            "instance_class": "db.t3.micro",
            "iops": 0,
            "kms_key_id": "",
            "latest_restorable_time": "",
            "license_model": "general-public-license",
            "listener_endpoint": [],
            "maintenance_window": "tue:10:16-tue:10:46",
            "manage_master_user_password": null,
            "master_user_secret": [],
            "master_user_secret_kms_key_id": null,
            "max_allocated_storage": 0,
            "monitoring_interval": 0,
            "monitoring_role_arn": "",
            "multi_az": false,
            "nchar_character_set_name": "",
            "network_type": "IPV4",
            "option_group_name": "default:mysql-8-0",
            "parameter_group_name": "default.mysql8.0",
            "password": "Dhruv123",
            "password_wo": null,
            "password_wo_version": null,
            "performance_insights_enabled": false,
            "performance_insights_kms_key_id": "",
            "performance_insights_retention_period": 0,
            "port": 3306,
            "publicly_accessible": false,
            "region": "us-east-1",
            "replica_mode": "",
            "replicas": [],
            "replicate_source_db": "",
            "resource_id": "db-Y6WWMLQPJQZYSF3SR5RADNJHYE",
            "restore_to_point_in_time": [],
            "s3_import": [],
            "skip_final_snapshot": true,
            "snapshot_identifier": null,
            "status": "available",
            "storage_encrypted": false,
            "storage_throughput": 0,
            "storage_type": "gp2",
            "tags": null,
            "tags_all": {},
            "timeouts": null,
            "timezone": "",
            "upgrade_storage_config": null,
            "username": "admin",
            "vpc_security_group_ids": [
              "sg-06e17d6344a3cd19b"
            ]
          },
          "sensitive_attributes": [
            [
              {
                "type": "get_attr",
                "value": "password"
              }
            ],
            [
              {
                "type": "get_attr",
                "value": "password_wo"
              }
            ]
          ],
          "identity_schema_version": 0,
          "private": "eyJlMmJmYjczMC1lY2FhLTExZTYtOGY4OC0zNDM2M2JjN2M0YzAiOnsiY3JlYXRlIjozMDAwMDAwMDAwMDAwLCJkZWxldGUiOjM2MDAwMDAwMDAwMDAsInVwZGF0ZSI6NDgwMDAwMDAwMDAwMH0sInNjaGVtYV92ZXJzaW9uIjoiMiJ9",
          "dependencies": [
            "module.rds.module.db_instance.aws_db_subnet_group.sub-grp"
          ]
        }
      ]
    },
    {
      "module": "module.rds.module.db_instance",
      "mode": "managed",
      "type": "aws_db_subnet_group",
      "name": "sub-grp",
      "provider": "module.rds.module.db_instance.provider[\"registry.terraform.io/hashicorp/aws\"]",
      "instances": [
        {
          "schema_version": 0,
          "attributes": {
            "arn": "arn:aws:rds:us-east-1:883664613994:subgrp:my-db-subnet-group",
            "description": "Managed by Terraform",
            "id": "my-db-subnet-group",
            "name": "my-db-subnet-group",
            "name_prefix": "",
            "region": "us-east-1",
            "subnet_ids": [
              "subnet-01820e7aa51574616",
              "subnet-0f380a7d09143313c"
            ],
            "supported_network_types": [
              "IPV4"
            ],
            "tags": {
              "Name": "my-db-subnet-group"
            },
            "tags_all": {
              "Name": "my-db-subnet-group"
            },
            "vpc_id": "vpc-03e0945c641c5666d"
          },
          "sensitive_attributes": [],
          "identity_schema_version": 0,
          "private": "bnVsbA=="
        }
      ]
    }
  ],
  "check_results": null
}
